{
  "version": "2",
  "remote": {
    "https://cdn.skypack.dev/-/evt@v2.4.2-MS4XpzIuKfQndOkxx9B1/dist=es2019,mode=imports/optimized/evt.js": "ad12bb83ec0647a7856c3f7044fcf1bab637ff88a911e13f162f3c7322f424d1",
    "https://cdn.skypack.dev/-/evt@v2.4.2-MS4XpzIuKfQndOkxx9B1/dist=es2019,mode=types/lib/Ctx.d.ts": "54fc581ee0f193e78b3273132ce1550683a8b0f11f4d69acedbefbac7ab498a5",
    "https://cdn.skypack.dev/-/evt@v2.4.2-MS4XpzIuKfQndOkxx9B1/dist=es2019,mode=types/lib/Evt.asNonPostable.d.ts": "6b33ea561a937cc477524921c3dcde9de53ceaffe00b84e97044283a59d91818",
    "https://cdn.skypack.dev/-/evt@v2.4.2-MS4XpzIuKfQndOkxx9B1/dist=es2019,mode=types/lib/Evt.asPostable.d.ts": "b0805047bdab909cdfd07379572e9b28fe56dd5068131ac83bf85841eaf1ebdf",
    "https://cdn.skypack.dev/-/evt@v2.4.2-MS4XpzIuKfQndOkxx9B1/dist=es2019,mode=types/lib/Evt.asyncPipe.d.ts": "f33d13bf5cb65bd5f820e1e01b60cc0d3f4eb652018a092b79622731193308ba",
    "https://cdn.skypack.dev/-/evt@v2.4.2-MS4XpzIuKfQndOkxx9B1/dist=es2019,mode=types/lib/Evt.create.d.ts": "b78ad9f63753056748afb804745b5c5c116791136a42536c856df6c8a1b15862",
    "https://cdn.skypack.dev/-/evt@v2.4.2-MS4XpzIuKfQndOkxx9B1/dist=es2019,mode=types/lib/Evt.d.ts": "dd15cf37241cb92c1bb40c967455ad68d79e389f2939b9ba589226a14936a239",
    "https://cdn.skypack.dev/-/evt@v2.4.2-MS4XpzIuKfQndOkxx9B1/dist=es2019,mode=types/lib/Evt.factorize.d.ts": "6743041136369d4ea4f6a94cff2490b9ff15a8b6a4b22bf4a745010d58aefb5b",
    "https://cdn.skypack.dev/-/evt@v2.4.2-MS4XpzIuKfQndOkxx9B1/dist=es2019,mode=types/lib/Evt.from.d.ts": "8be5c99ffb151bb9cfc4af8c67b83919aa543bc4eae37eeb43cfa236266b8599",
    "https://cdn.skypack.dev/-/evt@v2.4.2-MS4XpzIuKfQndOkxx9B1/dist=es2019,mode=types/lib/Evt.getCtx.d.ts": "9685578ebd8719954bd5fc4da808c090f7c0eb94fb0a9facc7a104bfdecc8f06",
    "https://cdn.skypack.dev/-/evt@v2.4.2-MS4XpzIuKfQndOkxx9B1/dist=es2019,mode=types/lib/Evt.loosenType.d.ts": "804b612c455f7b8960546c937d7f5a25327615018b0181c6388a657bb29be6bd",
    "https://cdn.skypack.dev/-/evt@v2.4.2-MS4XpzIuKfQndOkxx9B1/dist=es2019,mode=types/lib/Evt.merge.d.ts": "318fbb458032514ba0138a0b786f7269e97173a5a32f70b925e66a203dd80509",
    "https://cdn.skypack.dev/-/evt@v2.4.2-MS4XpzIuKfQndOkxx9B1/dist=es2019,mode=types/lib/Evt.newCtx.d.ts": "774fbac0df6c2d9e368db891368014f34558828a3d73aec87a9add3535c196f2",
    "https://cdn.skypack.dev/-/evt@v2.4.2-MS4XpzIuKfQndOkxx9B1/dist=es2019,mode=types/lib/StatefulEvt.d.ts": "1c61e514df1e4aed76426a6efd131b8bf12957ada5045f4d6360522637c457cb",
    "https://cdn.skypack.dev/-/evt@v2.4.2-MS4XpzIuKfQndOkxx9B1/dist=es2019,mode=types/lib/index.d.ts": "2ea51257a1f073ed1da1e459860b236827670bf59acf3260f3e5f4b394e74287",
    "https://cdn.skypack.dev/-/evt@v2.4.2-MS4XpzIuKfQndOkxx9B1/dist=es2019,mode=types/lib/types/AsyncIterableEvt.d.ts": "63cbdb49dde581d59f9b97700b39f009ea9b4d935717e33ccdd9ab70b78c03b4",
    "https://cdn.skypack.dev/-/evt@v2.4.2-MS4XpzIuKfQndOkxx9B1/dist=es2019,mode=types/lib/types/EventTargetLike.d.ts": "69504253f6463fdd258c42c87228741d8f18a992181470398ff53d224da02bb8",
    "https://cdn.skypack.dev/-/evt@v2.4.2-MS4XpzIuKfQndOkxx9B1/dist=es2019,mode=types/lib/types/EvtError.d.ts": "75ff0715ea56597240ab2f258416ec178bb5997886702a906560451994e987f1",
    "https://cdn.skypack.dev/-/evt@v2.4.2-MS4XpzIuKfQndOkxx9B1/dist=es2019,mode=types/lib/types/Handler.d.ts": "8e11e91b351a338442b63146b3bacf9627a9e7b93f4fefaecc1ea028329cb5ca",
    "https://cdn.skypack.dev/-/evt@v2.4.2-MS4XpzIuKfQndOkxx9B1/dist=es2019,mode=types/lib/types/Observer.d.ts": "ff0ab6364048531b98fcc87672a26c066f2bab5c34b40ab471e3a3f0bfaaa038",
    "https://cdn.skypack.dev/-/evt@v2.4.2-MS4XpzIuKfQndOkxx9B1/dist=es2019,mode=types/lib/types/Operator.d.ts": "1815a4fe21ed564add8bd0741df67d9efa92d800aae953869f616f6d5ca20870",
    "https://cdn.skypack.dev/-/evt@v2.4.2-MS4XpzIuKfQndOkxx9B1/dist=es2019,mode=types/lib/types/helper/EvtLikeToEvt.d.ts": "630583d1970b4101d79c4c8acc783399f67cacf48103935611fb3ba031768f66",
    "https://cdn.skypack.dev/-/evt@v2.4.2-MS4XpzIuKfQndOkxx9B1/dist=es2019,mode=types/lib/types/helper/FactorizeEvt.d.ts": "259a47d503d5d9aed6cbb589b256f6b698ba37f18a7523c35e81c860cab601c7",
    "https://cdn.skypack.dev/-/evt@v2.4.2-MS4XpzIuKfQndOkxx9B1/dist=es2019,mode=types/lib/types/helper/SwapEvtType.d.ts": "43724fa4bae8aabb9fe75fc7245234a1de14d6d91b47f9bbd6fe9bb1044511f8",
    "https://cdn.skypack.dev/-/evt@v2.4.2-MS4XpzIuKfQndOkxx9B1/dist=es2019,mode=types/lib/types/helper/ToNonPostableEvt.d.ts": "daaf9d7d45cfd22505b415965bb0f785d913178a92ad6b6c55c728f6704c980e",
    "https://cdn.skypack.dev/-/evt@v2.4.2-MS4XpzIuKfQndOkxx9B1/dist=es2019,mode=types/lib/types/helper/ToPostableEvt.d.ts": "9d9c9cac6572b2bb8735f850cb813bf215e9cd19640dd1da8f65e2a14f7a1d9d",
    "https://cdn.skypack.dev/-/evt@v2.4.2-MS4XpzIuKfQndOkxx9B1/dist=es2019,mode=types/lib/types/helper/UnpackCtx.d.ts": "1988a964719eb23ca0d7b834fc3008d8e49ec2fc28284b88064259b41d3f6c6c",
    "https://cdn.skypack.dev/-/evt@v2.4.2-MS4XpzIuKfQndOkxx9B1/dist=es2019,mode=types/lib/types/helper/UnpackEvt.d.ts": "bf17db55eaff78b6701cb8d1bae2f366d5abcce524e241221e0a386bd2fc3126",
    "https://cdn.skypack.dev/-/evt@v2.4.2-MS4XpzIuKfQndOkxx9B1/dist=es2019,mode=types/lib/types/helper/index.d.ts": "46976b2406118fde0ab93c5ee01a3fdbf1c7a017a5d8dbab45f34556c2bab918",
    "https://cdn.skypack.dev/-/evt@v2.4.2-MS4XpzIuKfQndOkxx9B1/dist=es2019,mode=types/lib/types/index.d.ts": "1d1d392a35c5a6a01d393b5ca3079562fce00f23cd39c0fdae1c292720177b80",
    "https://cdn.skypack.dev/-/evt@v2.4.2-MS4XpzIuKfQndOkxx9B1/dist=es2019,mode=types/lib/types/interfaces/Ctx.d.ts": "bc6adb1bba37080f54a579c1cb917ac1dfb8d564307343433cad36e0bb5fecd8",
    "https://cdn.skypack.dev/-/evt@v2.4.2-MS4XpzIuKfQndOkxx9B1/dist=es2019,mode=types/lib/types/interfaces/CtxLike.d.ts": "4a958780ded41189e08863eea5aca1ac4aeb20a35d55436958d43c5f235b1313",
    "https://cdn.skypack.dev/-/evt@v2.4.2-MS4XpzIuKfQndOkxx9B1/dist=es2019,mode=types/lib/types/interfaces/Evt.d.ts": "3a14e353f3be77f0b0903347e640b0a01974fcf43f28905e59569b074a0b7337",
    "https://cdn.skypack.dev/-/evt@v2.4.2-MS4XpzIuKfQndOkxx9B1/dist=es2019,mode=types/lib/types/interfaces/EvtLike.d.ts": "59a09a79b61352d0a13695acafb8f663627b51f35c168d966220fd14fa9d60e4",
    "https://cdn.skypack.dev/-/evt@v2.4.2-MS4XpzIuKfQndOkxx9B1/dist=es2019,mode=types/lib/types/interfaces/NonPostableEvt.d.ts": "4bb74257e04ac3867a8c4594a4acdaeb0e5c3a3762400a88adb447a21f691d95",
    "https://cdn.skypack.dev/-/evt@v2.4.2-MS4XpzIuKfQndOkxx9B1/dist=es2019,mode=types/lib/types/interfaces/NonPostableEvtLike.d.ts": "d7ba0945fcd7f1e2f85910f3f5c2d9c06f92f7fcd30defdf11961bca5d9cbc9a",
    "https://cdn.skypack.dev/-/evt@v2.4.2-MS4XpzIuKfQndOkxx9B1/dist=es2019,mode=types/lib/types/interfaces/Postable.d.ts": "09bb82a3209f36c4aaef67418d3dc6e283238037e01e73c858ddfa6f17f2a258",
    "https://cdn.skypack.dev/-/evt@v2.4.2-MS4XpzIuKfQndOkxx9B1/dist=es2019,mode=types/lib/types/interfaces/StatefulEvt.d.ts": "8430b1e8105d7b05f0b9d6a656dd741c89582a8da93f3986e58e1e97ad2874b7",
    "https://cdn.skypack.dev/-/evt@v2.4.2-MS4XpzIuKfQndOkxx9B1/dist=es2019,mode=types/lib/types/interfaces/StatefulEvtLike.d.ts": "830287a938b5852e94f3f5ba74ba6811951f30562709f216b8dd8d2b6b3767f6",
    "https://cdn.skypack.dev/-/evt@v2.4.2-MS4XpzIuKfQndOkxx9B1/dist=es2019,mode=types/lib/types/interfaces/StatefulPostable.d.ts": "9cbf3d3ee251ef4b2ef3c72011e7d1b483920b7c2b9ea3fc17a0cb05837fbd1b",
    "https://cdn.skypack.dev/-/evt@v2.4.2-MS4XpzIuKfQndOkxx9B1/dist=es2019,mode=types/lib/types/interfaces/StatefulReadonlyEvt.d.ts": "befbbf686ebdd85bb4c04bcc371ce045bcfc4b71b983f9db8a9ebd03d7bccf81",
    "https://cdn.skypack.dev/-/evt@v2.4.2-MS4XpzIuKfQndOkxx9B1/dist=es2019,mode=types/lib/types/interfaces/StatefulReadonlyEvtLike.d.ts": "ac53c7a8ad61f1752ff4ff7cb3b943e4ede40f88718240634763722aded67ed5",
    "https://cdn.skypack.dev/-/evt@v2.4.2-MS4XpzIuKfQndOkxx9B1/dist=es2019,mode=types/lib/types/interfaces/index.d.ts": "f0a988db9536bc741c7a0f1a154e3cf813d1541e0f5f147310ee74b8aa204c41",
    "https://cdn.skypack.dev/-/evt@v2.4.2-MS4XpzIuKfQndOkxx9B1/dist=es2019,mode=types/lib/types/lib.dom.d.ts": "eb38b0856f8b1476c114d0096e17a267fc5b5a8643ca4cee56ea4dd8f6629eae",
    "https://cdn.skypack.dev/-/evt@v2.4.2-MS4XpzIuKfQndOkxx9B1/dist=es2019,mode=types/lib/util/compose.d.ts": "2ed089ddec88d39d608468091919c8034cf990d2921361f1a430d38f67396803",
    "https://cdn.skypack.dev/-/evt@v2.4.2-MS4XpzIuKfQndOkxx9B1/dist=es2019,mode=types/lib/util/genericOperators/distinct.d.ts": "1fb193403e47a68c21defdc849e170951b9ac6fb38eb04dbc79a51311b93291c",
    "https://cdn.skypack.dev/-/evt@v2.4.2-MS4XpzIuKfQndOkxx9B1/dist=es2019,mode=types/lib/util/genericOperators/index.d.ts": "4f01b1ab8acb816d5c5447269f0a71f3f3ac0944c6361832b3dbc5094458fa41",
    "https://cdn.skypack.dev/-/evt@v2.4.2-MS4XpzIuKfQndOkxx9B1/dist=es2019,mode=types/lib/util/genericOperators/nonNullable.d.ts": "72e729566a8ea64e9e81dff9e14f3fea140d653671da3e4a1ebd1f96c55bb3e5",
    "https://cdn.skypack.dev/-/evt@v2.4.2-MS4XpzIuKfQndOkxx9B1/dist=es2019,mode=types/lib/util/genericOperators/throttleTime.d.ts": "8387ccc1f3d944d5fd7b5ae1c7c68dce994368e7fda1fe51e80ab68a63238e28",
    "https://cdn.skypack.dev/-/evt@v2.4.2-MS4XpzIuKfQndOkxx9B1/dist=es2019,mode=types/lib/util/genericOperators/to.d.ts": "22540a88d7bc5053395c9f85074c7cb98a38817ca3122ba277501ba211ac4e25",
    "https://cdn.skypack.dev/-/evt@v2.4.2-MS4XpzIuKfQndOkxx9B1/dist=es2019,mode=types/lib/util/index.d.ts": "275cc0c2510eba95ea1e8947d02e418d2ee576154c1a32eb4b65dd0404cafb90",
    "https://cdn.skypack.dev/-/minimal-polyfills@v2.2.1-sAIQdPbOpZKzDC2cs3Y1/dist=es2019,mode=imports/unoptimized/Map.js": "fea1a3941e2bb7870e1a392c011fb68beaa7851bc53b557b5871f37d9891d20a",
    "https://cdn.skypack.dev/-/minimal-polyfills@v2.2.1-sAIQdPbOpZKzDC2cs3Y1/dist=es2019,mode=imports/unoptimized/WeakMap.js": "c22a5772707dcbe0d342899faeef888994f4f9230165d767e5747b6060e8f8d5",
    "https://cdn.skypack.dev/-/minimal-polyfills@v2.2.2-NLqzGQtJSytFMre7glqG/dist=es2019,mode=imports/unoptimized/Array.prototype.find.js": "e8a06ae1a84ac68e651437393413a3cc7d79f7400926abb66797466a44c730bd",
    "https://cdn.skypack.dev/-/minimal-polyfills@v2.2.2-NLqzGQtJSytFMre7glqG/dist=es2019,mode=imports/unoptimized/Map.js": "fea1a3941e2bb7870e1a392c011fb68beaa7851bc53b557b5871f37d9891d20a",
    "https://cdn.skypack.dev/-/minimal-polyfills@v2.2.2-NLqzGQtJSytFMre7glqG/dist=es2019,mode=imports/unoptimized/Object.is.js": "7e494a9dcc98ff177d7808694cedd88ad8df3ed4756ecfdfe62c80ac4a996af5",
    "https://cdn.skypack.dev/-/minimal-polyfills@v2.2.2-NLqzGQtJSytFMre7glqG/dist=es2019,mode=imports/unoptimized/Set.js": "978d725e2f69baf1ae4869303a38095cd2fe0478a8060ca23541c5d3e834112c",
    "https://cdn.skypack.dev/-/minimal-polyfills@v2.2.2-NLqzGQtJSytFMre7glqG/dist=es2019,mode=imports/unoptimized/WeakMap.js": "c22a5772707dcbe0d342899faeef888994f4f9230165d767e5747b6060e8f8d5",
    "https://cdn.skypack.dev/-/minimal-polyfills@v2.2.2-NLqzGQtJSytFMre7glqG/dist=es2019,mode=types/Array.prototype.find.d.ts": "8e609bb71c20b858c77f0e9f90bb1319db8477b13f9f965f1a1e18524bf50881",
    "https://cdn.skypack.dev/-/minimal-polyfills@v2.2.2-NLqzGQtJSytFMre7glqG/dist=es2019,mode=types/Object.is.d.ts": "8e609bb71c20b858c77f0e9f90bb1319db8477b13f9f965f1a1e18524bf50881",
    "https://cdn.skypack.dev/-/run-exclusive@v2.2.16-krFdVoEpJ5JOqSbgLePv/dist=es2019,mode=imports/optimized/run-exclusive.js": "d19bab33b0e6f31967b3632a2e2a8318688ab7ecd5fda4c518c563301586944c",
    "https://cdn.skypack.dev/-/rxjs@v7.5.6-5WmJCHW227tvp19vZF4m/dist=es2019,mode=imports/optimized/common/AsyncScheduler-6e6eabd3.js": "556481b89a13bf610f26f52a8a21d4afd88d27c8cf58acb68c9c8b78f831fb3d",
    "https://cdn.skypack.dev/-/rxjs@v7.5.6-5WmJCHW227tvp19vZF4m/dist=es2019,mode=imports/optimized/common/EmptyError-8a6bc2ac.js": "dc63959e84c92251e3629932f319cf47ecef76258f8c9a401f396ff7532536f4",
    "https://cdn.skypack.dev/-/rxjs@v7.5.6-5WmJCHW227tvp19vZF4m/dist=es2019,mode=imports/optimized/common/Notification-f209d703.js": "c74473aa3e75cbbc8b11627f54245599c6ffadea8944e64e1653ad10d0a8aa34",
    "https://cdn.skypack.dev/-/rxjs@v7.5.6-5WmJCHW227tvp19vZF4m/dist=es2019,mode=imports/optimized/common/Observable-9595ada7.js": "afc86150e16d36c8a94c2b98d33a8c774a723531716bf97f4bd43169fca0ee82",
    "https://cdn.skypack.dev/-/rxjs@v7.5.6-5WmJCHW227tvp19vZF4m/dist=es2019,mode=imports/optimized/common/OperatorSubscriber-74d3edbb.js": "cdf41cb5e2b3945d81f7cca4db4da13db95a96ee880f903cc07188960fa8d98b",
    "https://cdn.skypack.dev/-/rxjs@v7.5.6-5WmJCHW227tvp19vZF4m/dist=es2019,mode=imports/optimized/common/Subject-2bdf7de4.js": "d566b55fdb73b18a0f5679d5f51f2c0d1bc1f47ac131351a2863d00f58f64bfa",
    "https://cdn.skypack.dev/-/rxjs@v7.5.6-5WmJCHW227tvp19vZF4m/dist=es2019,mode=imports/optimized/common/Subscriber-36e8ba2c.js": "ffd7ae5ddd450195d17e132df75585ead8ff02658e135abf55f68047b15efe44",
    "https://cdn.skypack.dev/-/rxjs@v7.5.6-5WmJCHW227tvp19vZF4m/dist=es2019,mode=imports/optimized/common/Subscription-652877b1.js": "38d0b81eb087d71fa64788d3930cfdc51a09c3dc42c33adddbcf14b704712c0e",
    "https://cdn.skypack.dev/-/rxjs@v7.5.6-5WmJCHW227tvp19vZF4m/dist=es2019,mode=imports/optimized/common/VirtualTimeScheduler-c00acb79.js": "aa90faaa8f161107b130cfe8095a6ca3d698ca7a68703ab358ca3a080206ca26",
    "https://cdn.skypack.dev/-/rxjs@v7.5.6-5WmJCHW227tvp19vZF4m/dist=es2019,mode=imports/optimized/common/createErrorClass-914a700c.js": "4398cce2f98e5b5a965e278fe97749fe2849bdfc2f7c836af40cd0718ae07b3f",
    "https://cdn.skypack.dev/-/rxjs@v7.5.6-5WmJCHW227tvp19vZF4m/dist=es2019,mode=imports/optimized/common/dateTimestampProvider-e5fa6312.js": "91b5af8cb2394e9168701e79872557ed1da75522642bf0179ae5c1ad26617eb1",
    "https://cdn.skypack.dev/-/rxjs@v7.5.6-5WmJCHW227tvp19vZF4m/dist=es2019,mode=imports/optimized/common/innerFrom-c7bef501.js": "01866e2178d63404c92f4f01eebe8717cf219d7627dd5c593289fe12cfba9830",
    "https://cdn.skypack.dev/-/rxjs@v7.5.6-5WmJCHW227tvp19vZF4m/dist=es2019,mode=imports/optimized/common/lift-19c2bcec.js": "06f824d26850ac40e18a235ac417301d247c2082bc5c658cf1b92bce5ab92097",
    "https://cdn.skypack.dev/-/rxjs@v7.5.6-5WmJCHW227tvp19vZF4m/dist=es2019,mode=imports/optimized/common/map-2091ca6c.js": "b046ceae74aee6321f90f3356f2bbd592f6282a6e33388d42a046ba06cf96992",
    "https://cdn.skypack.dev/-/rxjs@v7.5.6-5WmJCHW227tvp19vZF4m/dist=es2019,mode=imports/optimized/common/zipWith-94e3b370.js": "ed8b0f992ac9fdba42d1af6bf9f44be70a773f79ec1e18b6f3d24c8daa33164a",
    "https://cdn.skypack.dev/-/rxjs@v7.5.6-5WmJCHW227tvp19vZF4m/dist=es2019,mode=imports/optimized/rxjs.js": "0beda79b44a25b2d83eb990facce36510c9382033419fb292fcf953579d73367",
    "https://cdn.skypack.dev/-/rxjs@v7.5.6-5WmJCHW227tvp19vZF4m/dist=es2019,mode=imports/optimized/rxjs/internal/AsyncSubject.js": "69881a5a94994b756b440d9d97d0f5fb6a80e53bfb63e7ef8e0b76fceda7a3f6",
    "https://cdn.skypack.dev/-/rxjs@v7.5.6-5WmJCHW227tvp19vZF4m/dist=es2019,mode=imports/optimized/rxjs/internal/BehaviorSubject.js": "2cb8ff13e17b243af8dfb1dfdf190cb7ec50bf3d5b0616ca546b3c8dbdd30feb",
    "https://cdn.skypack.dev/-/rxjs@v7.5.6-5WmJCHW227tvp19vZF4m/dist=es2019,mode=imports/optimized/rxjs/internal/NotificationFactories.js": "bc822ec4b2d05f3726c8bd3735dcb44775ec85aed8435ab473e8d992bd4dfead",
    "https://cdn.skypack.dev/-/rxjs@v7.5.6-5WmJCHW227tvp19vZF4m/dist=es2019,mode=imports/optimized/rxjs/internal/ReplaySubject.js": "a08984f948402d0b97859fbce98c2182cdec5fcbc3b7213209fa00871e7f45b6",
    "https://cdn.skypack.dev/-/rxjs@v7.5.6-5WmJCHW227tvp19vZF4m/dist=es2019,mode=imports/optimized/rxjs/internal/Scheduler.js": "9b9074ba4ee0daa01b553e7d708e0489e8fcd66815eb7ff3bfa908ec3ad165b0",
    "https://cdn.skypack.dev/-/rxjs@v7.5.6-5WmJCHW227tvp19vZF4m/dist=es2019,mode=imports/optimized/rxjs/internal/config.js": "78900e946906e3f588b78a53d433b9ce8deb63db0fa84c150ffaf2f54ab3f420",
    "https://cdn.skypack.dev/-/rxjs@v7.5.6-5WmJCHW227tvp19vZF4m/dist=es2019,mode=imports/optimized/rxjs/internal/firstValueFrom.js": "479081aba1e25d0ff4b45a57652d5c5439c0ecb4d25b796c456183480f1aebce",
    "https://cdn.skypack.dev/-/rxjs@v7.5.6-5WmJCHW227tvp19vZF4m/dist=es2019,mode=imports/optimized/rxjs/internal/lastValueFrom.js": "d5c855c6442b434582cab06dfd8d70ca818ea4b1d1e2cdbf29d28efd745ddb74",
    "https://cdn.skypack.dev/-/tsafe@v1.0.1-1cryxhdOA6HkK8EgCS6l/dist=es2019,mode=imports/unoptimized/assert.js": "a3b17160fb7d481c4d1b314b999fcfd64f4a1b50154567b78ba972be732af15b",
    "https://cdn.skypack.dev/-/tsafe@v1.0.1-1cryxhdOA6HkK8EgCS6l/dist=es2019,mode=imports/unoptimized/id.js": "00e3506072a6565fec10249babeff47da6db05aad4a062b4fe78654addf255e0",
    "https://cdn.skypack.dev/-/tsafe@v1.0.1-1cryxhdOA6HkK8EgCS6l/dist=es2019,mode=imports/unoptimized/is.js": "46fb1f528353d01eeb3cd8413e25240401e422598de863375ceb85c30c12b5e1",
    "https://cdn.skypack.dev/-/tsafe@v1.0.1-1cryxhdOA6HkK8EgCS6l/dist=es2019,mode=imports/unoptimized/isPromiseLike.js": "203ee6f567fe326bc55b7722e8e6250eedae8d718213d6b936348c51dfec779e",
    "https://cdn.skypack.dev/-/tsafe@v1.0.1-1cryxhdOA6HkK8EgCS6l/dist=es2019,mode=imports/unoptimized/lab/overwriteReadonlyProp.js": "304fb3492bd6f1abace823666a3641842aa9be85243984eacbfad71e58934ce8",
    "https://cdn.skypack.dev/-/tsafe@v1.0.1-1cryxhdOA6HkK8EgCS6l/dist=es2019,mode=imports/unoptimized/typeGuard.js": "a844f5759667f1f081c1a85db1bccd669ed45cec8bebc9a2b7c0441d8e8a3333",
    "https://cdn.skypack.dev/-/tsafe@v1.0.1-1cryxhdOA6HkK8EgCS6l/dist=es2019,mode=imports/unoptimized/zz_internal/assertIsRefWrapper.js": "bcf49b037adc7057a3949b70c97c0f549e96d439f551b736e53b4ef10f3d5c48",
    "https://cdn.skypack.dev/-/tsafe@v1.0.1-1cryxhdOA6HkK8EgCS6l/dist=es2019,mode=types/lab/PromiseOrNot.d.ts": "f1af4692fa75d702066a4ce4bca8ca8eb358cbb81b49943e978aa57ce1885b08",
    "https://cdn.skypack.dev/-/tslib@v2.4.0-c126zNNLcSUKz8wEzha7/dist=es2019,mode=imports/optimized/common/tslib-ba262b44.js": "4293bbb1fdb94fa636a84ed8c9aae2768195d07647bf6612b3b54f98d959b932",
    "https://cdn.skypack.dev/-/tslib@v2.4.0-c126zNNLcSUKz8wEzha7/dist=es2019,mode=imports/optimized/tslib.js": "1eeee94d61c2d158d9e0ae455ef016c1f3d1a70203d8a4547e545355e20b249c",
    "https://cdn.skypack.dev/evt@v2.4.2?dts": "a4362e2150202b4f5696d7490180d7a339d957df743d88480117c90fdbbd40bb",
    "https://cdn.skypack.dev/rxjs@7.5.6?dts": "444d2a36de53f1226a4a0fcf8d17e611ae9c89b6242700e7179506ee2ac09dac",
    "https://deno.land/std@0.156.0/_util/assert.ts": "e94f2eb37cebd7f199952e242c77654e43333c1ac4c5c700e929ea3aa5489f74",
    "https://deno.land/std@0.156.0/bytes/bytes_list.ts": "aba5e2369e77d426b10af1de0dcc4531acecec27f9b9056f4f7bfbf8ac147ab4",
    "https://deno.land/std@0.156.0/bytes/equals.ts": "3c3558c3ae85526f84510aa2b48ab2ad7bdd899e2e0f5b7a8ffc85acb3a6043a",
    "https://deno.land/std@0.156.0/bytes/mod.ts": "763f97d33051cc3f28af1a688dfe2830841192a9fea0cbaa55f927b49d49d0bf",
    "https://deno.land/std@0.156.0/fmt/colors.ts": "ff7dc9c9f33a72bd48bc24b21bbc1b4545d8494a431f17894dbc5fe92a938fc4",
    "https://deno.land/std@0.156.0/fs/exists.ts": "3661a679d9018338df5df7cd9fc7cd918f5e447e7304a5391f849a893ce24107",
    "https://deno.land/std@0.156.0/io/buffer.ts": "fae02290f52301c4e0188670e730cd902f9307fb732d79c4aa14ebdc82497289",
    "https://deno.land/std@0.156.0/io/types.d.ts": "0cae3a62da7a37043661746c65c021058bae020b54e50c0e774916e5d4baee43",
    "https://deno.land/std@0.156.0/log/handlers.ts": "1d73169d25607a3b62b83f39bd83743d61e49aff1481e12f4e078af9ee9f60ce",
    "https://deno.land/std@0.156.0/log/levels.ts": "82c965b90f763b5313e7595d4ba78d5095a13646d18430ebaf547526131604d1",
    "https://deno.land/std@0.156.0/log/logger.ts": "b545159727b023825ee6814d9178fb2a7472f8d95d704c253b771b95c658cf8c",
    "https://deno.land/std@0.156.0/log/mod.ts": "62d56c28e8fbaa0f6c8b6df41cb31e47c51ae8a93e78559612ecb5a4f76d7424"
  },
  "npm": {
    "specifiers": { "rxjs@7.5.7": "rxjs@7.5.7" },
    "packages": {
      "rxjs@7.5.7": {
        "integrity": "sha512-z9MzKh/UcOqB3i20H6rtrlaE/CgjLOvheWK/9ILrbhROGTweAi1BaFsTT9FbwZi5Trr1qNRs+MXkhmR06awzQA==",
        "dependencies": { "tslib": "tslib@2.4.1" }
      },
      "tslib@2.4.1": {
        "integrity": "sha512-tGyy4dAjRIEwI7BzsB0lynWgOpfqjUdq91XXAlIWD2OwKBH7oCl/GZG/HT4BOHrTlPMOASlMQ7veyTqpmRcrNA==",
        "dependencies": {}
      }
    }
  }
}
